
Microsoft Visual Studio Solution File, Format Version 12.00
# Visual Studio Version 17
VisualStudioVersion = 17.8.34330.188
MinimumVisualStudioVersion = 10.0.40219.1
Project("{9A19103F-16F7-4668-BE54-9A1E7A4F7556}") = "TodoApi", "TodoApi.csproj", "{7B1DDCC1-95E3-4F3C-A679-D5B87BD940A5}"
EndProject
Global
	GlobalSection(SolutionConfigurationPlatforms) = preSolution
		Debug|Any CPU = Debug|Any CPU
		Release|Any CPU = Release|Any CPU
	EndGlobalSection
	GlobalSection(ProjectConfigurationPlatforms) = postSolution
		{7B1DDCC1-95E3-4F3C-A679-D5B87BD940A5}.Debug|Any CPU.ActiveCfg = Debug|Any CPU
		{7B1DDCC1-95E3-4F3C-A679-D5B87BD940A5}.Debug|Any CPU.Build.0 = Debug|Any CPU
		{7B1DDCC1-95E3-4F3C-A679-D5B87BD940A5}.Release|Any CPU.ActiveCfg = Release|Any CPU
		{7B1DDCC1-95E3-4F3C-A679-D5B87BD940A5}.Release|Any CPU.Build.0 = Release|Any CPU
	EndGlobalSection
	GlobalSection(SolutionProperties) = preSolution
		HideSolutionNode = FALSE
	EndGlobalSection
	GlobalSection(ExtensibilityGlobals) = postSolution
		SolutionGuid = {4E593365-105F-458F-91B1-32D4164D9856}
	EndGlobalSection
EndGlobal
